{
    "_meta": {
        "hash": {
            "sha256": "0657790595bcf9ebdc2e24f7c641fe1a7c34bd1dd8349b71545e7839d8e8b63c"
        },
        "pipfile-spec": 6,
        "requires": {
            "python_version": "3.7"
        },
        "sources": [
            {
                "name": "pypi",
                "url": "https://pypi.python.org/simple",
                "verify_ssl": true
            }
        ]
    },
    "default": {
        "certifi": {
            "hashes": [
                "sha256:2bbf76fd432960138b3ef6dda3dde0544f27cbf8546c458e60baf371917ba9ee",
                "sha256:50b1e4f8446b06f41be7dd6338db18e0990601dce795c2b1686458aa7e8fa7d8"
            ],
            "version": "==2021.5.30"
        },
        "charset-normalizer": {
            "hashes": [
                "sha256:88fce3fa5b1a84fdcb3f603d889f723d1dd89b26059d0123ca435570e848d5e1",
                "sha256:c46c3ace2d744cfbdebceaa3c19ae691f53ae621b39fd7570f59d14fb7f2fd12"
            ],
            "markers": "python_version >= '3'",
            "version": "==2.0.3"
        },
        "idna": {
            "hashes": [
                "sha256:14475042e284991034cb48e06f6851428fb14c4dc953acd9be9a5e95c7b6dd7a",
                "sha256:467fbad99067910785144ce333826c71fb0e63a425657295239737f7ecd125f3"
            ],
            "markers": "python_version >= '3'",
            "version": "==3.2"
        },
        "jaydebeapi": {
            "hashes": [
                "sha256:d6256bdad1e14414225fbc839f7d56922ea3abc06153f3a57490fee909fecd64",
                "sha256:f25e9307fbb5960cb035394c26e37731b64cc465b197c4344cee85ec450ab92f",
                "sha256:fbfbc7e41d7b35af08df6376a73637820c71a1373b40244b135bd07f3e865c81"
            ],
            "index": "pypi",
            "version": "==1.2.3"
        },
        "jpype1": {
            "hashes": [
                "sha256:1eb690b3757d8ff3f853941c73b6f9caa2b3f7851ec9a105e0388558bf726690",
                "sha256:43583158b5c0c606b87b32ae3175d3d7f24eadefd6d29837f76f295d656a9eac",
                "sha256:487843f84dbb3df59d63bb95583320edcf33cc112856c3d28c95c907c7535075",
                "sha256:4fc27dba89750cb0c9d692466341ce60c0fe86a16051091cb5347a37cf884151",
                "sha256:5c39c3efce8cc18147f8269ae5cd7ed4a073f5ef00e78dbf17305fd6330c50e3",
                "sha256:6b74385f38968dfbe01a0548c6066bb3072e5a2f2b082a1beeca0935abb789ba",
                "sha256:6d328e3ec0c626dd4272d4c6dbfaa0b66293c72dd1786adfb51bec33ee2f3fd3",
                "sha256:748bee8759e4a1261284e4f48eab475abe66a2eb4c3f7f3967c71276efe6abe5",
                "sha256:7b674d1888a3433a22ef0c8c67e8bb137252de7c358db2cc85af3565de3af595",
                "sha256:7bb61de43e4b7f83a9a0d84e553939912c758430d13d0667befa9a5c935e955e",
                "sha256:82d83b0e7baadbd876f498c5ba2356f0a87c0372e88e89bbb3c3c09044e80921",
                "sha256:953fdb406999d68bee8f48f809a3906df9509dca055183b7af0bed62515db29a",
                "sha256:a10f52623b377894dda664228baa0a64c7d4948973b91229238c9a5fbf560139",
                "sha256:b6171cabc41cda585f80ad84c6173cb1ad874c83e6810b100668bc867fa13046",
                "sha256:d89ef97478da724728fc946e12256f5a62c5cb0d7107aa30256ffb4413754eea",
                "sha256:e1f54084018deeab84aea349963335b2883a7ac91173fe681ba63d3ff09eb68c",
                "sha256:f356f10e9f77a77466557076555eacde342b558905143c6e49c84e8e72712d2c",
                "sha256:f4d65ac9c13d785da3555fbc0f710ea62c716036c265a3cc8f8d8d36b9aaa1c7",
                "sha256:fa1cf484a1e8c86839791f8667dfae8be3f7510c3fa3de6674608f29b4629554"
            ],
            "markers": "python_version > '2.7' and platform_python_implementation != 'Jython'",
            "version": "==1.3.0"
        },
        "pyyaml": {
            "hashes": [
                "sha256:08682f6b72c722394747bddaf0aa62277e02557c0fd1c42cb853016a38f8dedf",
                "sha256:0f5f5786c0e09baddcd8b4b45f20a7b5d61a7e7e99846e3c799b05c7c53fa696",
                "sha256:129def1b7c1bf22faffd67b8f3724645203b79d8f4cc81f674654d9902cb4393",
                "sha256:294db365efa064d00b8d1ef65d8ea2c3426ac366c0c4368d930bf1c5fb497f77",
                "sha256:3b2b1824fe7112845700f815ff6a489360226a5609b96ec2190a45e62a9fc922",
                "sha256:3bd0e463264cf257d1ffd2e40223b197271046d09dadf73a0fe82b9c1fc385a5",
                "sha256:4465124ef1b18d9ace298060f4eccc64b0850899ac4ac53294547536533800c8",
                "sha256:49d4cdd9065b9b6e206d0595fee27a96b5dd22618e7520c33204a4a3239d5b10",
                "sha256:4e0583d24c881e14342eaf4ec5fbc97f934b999a6828693a99157fde912540cc",
                "sha256:5accb17103e43963b80e6f837831f38d314a0495500067cb25afab2e8d7a4018",
                "sha256:607774cbba28732bfa802b54baa7484215f530991055bb562efbed5b2f20a45e",
                "sha256:6c78645d400265a062508ae399b60b8c167bf003db364ecb26dcab2bda048253",
                "sha256:72a01f726a9c7851ca9bfad6fd09ca4e090a023c00945ea05ba1638c09dc3347",
                "sha256:74c1485f7707cf707a7aef42ef6322b8f97921bd89be2ab6317fd782c2d53183",
                "sha256:895f61ef02e8fed38159bb70f7e100e00f471eae2bc838cd0f4ebb21e28f8541",
                "sha256:8c1be557ee92a20f184922c7b6424e8ab6691788e6d86137c5d93c1a6ec1b8fb",
                "sha256:bb4191dfc9306777bc594117aee052446b3fa88737cd13b7188d0e7aa8162185",
                "sha256:bfb51918d4ff3d77c1c856a9699f8492c612cde32fd3bcd344af9be34999bfdc",
                "sha256:c20cfa2d49991c8b4147af39859b167664f2ad4561704ee74c1de03318e898db",
                "sha256:cb333c16912324fd5f769fff6bc5de372e9e7a202247b48870bc251ed40239aa",
                "sha256:d2d9808ea7b4af864f35ea216be506ecec180628aced0704e34aca0b040ffe46",
                "sha256:d483ad4e639292c90170eb6f7783ad19490e7a8defb3e46f97dfe4bacae89122",
                "sha256:dd5de0646207f053eb0d6c74ae45ba98c3395a571a2891858e87df7c9b9bd51b",
                "sha256:e1d4970ea66be07ae37a3c2e48b5ec63f7ba6804bdddfdbd3cfd954d25a82e63",
                "sha256:e4fac90784481d221a8e4b1162afa7c47ed953be40d31ab4629ae917510051df",
                "sha256:fa5ae20527d8e831e8230cbffd9f8fe952815b2b7dae6ffec25318803a7528fc",
                "sha256:fd7f6999a8070df521b6384004ef42833b9bd62cfee11a09bda1079b4b704247",
                "sha256:fdc842473cd33f45ff6bce46aea678a54e3d21f1b61a7750ce3c498eedfe25d6",
                "sha256:fe69978f3f768926cfa37b867e3843918e012cf83f680806599ddce33c2c68b0"
            ],
            "index": "pypi",
            "version": "==5.4.1"
        },
        "requests": {
            "hashes": [
                "sha256:6c1246513ecd5ecd4528a0906f910e8f0f9c6b8ec72030dc9fd154dc1a6efd24",
                "sha256:b8aa58f8cf793ffd8782d3d8cb19e66ef36f7aba4353eec859e74678b01b07a7"
            ],
            "index": "pypi",
            "version": "==2.26.0"
        },
        "typing-extensions": {
            "hashes": [
                "sha256:0ac0f89795dd19de6b97debb0c6af1c70987fd80a2d62d1958f7e56fcc31b497",
                "sha256:50b6f157849174217d0656f99dc82fe932884fb250826c18350e159ec6cdf342",
                "sha256:779383f6086d90c99ae41cf0ff39aac8a7937a9283ce0a414e5dd782f4c94a84"
            ],
            "markers": "python_version < '3.8'",
            "version": "==3.10.0.0"
        },
        "urllib3": {
            "hashes": [
                "sha256:39fb8672126159acb139a7718dd10806104dec1e2f0f6c88aab05d17df10c8d4",
                "sha256:f57b4c16c62fa2760b7e3d97c35b255512fb6b59a259730f36ba32ce9f8e342f"
            ],
            "version": "==1.26.6"
        }
    },
    "develop": {}
}
